
Microsoft Visual Studio Solution File, Format Version 12.00
# Visual Studio 15
VisualStudioVersion = 15.0.26730.10
MinimumVisualStudioVersion = 10.0.40219.1
Project("{FAE04EC0-301F-11D3-BF4B-00C04F79EFBC}") = "AccountManager", "AccountManager\AccountManager.csproj", "{CBBB9825-6F81-4BE3-8435-7D7B02AC124C}"
EndProject
Project("{FAE04EC0-301F-11D3-BF4B-00C04F79EFBC}") = "AccountManager.Providers", "AccountManager.Providers\AccountManager.Providers.csproj", "{6BCBF4FC-A299-4E50-AF65-728F7A890317}"
EndProject
Global
	GlobalSection(SolutionConfigurationPlatforms) = preSolution
		Debug|Any CPU = Debug|Any CPU
		Release|Any CPU = Release|Any CPU
	EndGlobalSection
	GlobalSection(ProjectConfigurationPlatforms) = postSolution
		{CBBB9825-6F81-4BE3-8435-7D7B02AC124C}.Debug|Any CPU.ActiveCfg = Debug|Any CPU
		{CBBB9825-6F81-4BE3-8435-7D7B02AC124C}.Debug|Any CPU.Build.0 = Debug|Any CPU
		{CBBB9825-6F81-4BE3-8435-7D7B02AC124C}.Release|Any CPU.ActiveCfg = Release|Any CPU
		{CBBB9825-6F81-4BE3-8435-7D7B02AC124C}.Release|Any CPU.Build.0 = Release|Any CPU
		{6BCBF4FC-A299-4E50-AF65-728F7A890317}.Debug|Any CPU.ActiveCfg = Debug|Any CPU
		{6BCBF4FC-A299-4E50-AF65-728F7A890317}.Debug|Any CPU.Build.0 = Debug|Any CPU
		{6BCBF4FC-A299-4E50-AF65-728F7A890317}.Release|Any CPU.ActiveCfg = Release|Any CPU
		{6BCBF4FC-A299-4E50-AF65-728F7A890317}.Release|Any CPU.Build.0 = Release|Any CPU
	EndGlobalSection
	GlobalSection(SolutionProperties) = preSolution
		HideSolutionNode = FALSE
	EndGlobalSection
	GlobalSection(ExtensibilityGlobals) = postSolution
		SolutionGuid = {B700F52B-7C86-485F-9C3F-AF00EC437D2D}
	EndGlobalSection
EndGlobal
